
Microsoft Visual Studio Solution File, Format Version 12.00
# Visual Studio 2012
Project("{2150E333-8FDC-42A3-9474-1A3956D46DE8}") = "image", "image", "{1ED4B073-68C1-4573-AFAB-43D5B4CCB50A}"
EndProject
Project("{FAE04EC0-301F-11D3-BF4B-00C04F79EFBC}") = "VVVV.CV.Nodes", "nodes\plugins\Image\OpenCV\VVVV.CV.Nodes.csproj", "{E9A7FC26-34E0-4C1E-83D8-C01A169422B2}"
EndProject
Project("{FAE04EC0-301F-11D3-BF4B-00C04F79EFBC}") = "VVVV.Nodes.OpenCV.VideoInput", "nodes\plugins\Image\VideoInput\VVVV.Nodes.OpenCV.VideoInput.csproj", "{C111EF2E-E57C-480C-9E76-C6304AC02D79}"
EndProject
Project("{FAE04EC0-301F-11D3-BF4B-00C04F79EFBC}") = "VVVV.Nodes.OpenCV.EDSDK", "nodes\plugins\Image\EDSDK\VVVV.Nodes.OpenCV.EDSDK.csproj", "{5EDB3C6E-2685-44F6-BD71-678CFC10AB31}"
EndProject
Project("{FAE04EC0-301F-11D3-BF4B-00C04F79EFBC}") = "VVVV.Nodes.OpenCV.OpenNI", "nodes\plugins\Image\OpenNI\VVVV.Nodes.OpenCV.OpenNI.csproj", "{D9D17924-98D5-468F-840E-3A3F8308BE35}"
EndProject
Project("{FAE04EC0-301F-11D3-BF4B-00C04F79EFBC}") = "VVVV.Nodes.OpenCV.FlyCapture", "nodes\plugins\Image\FlyCapture\VVVV.Nodes.OpenCV.FlyCapture.csproj", "{998E4E7E-F3B4-4CA1-ACD3-0EABACF23DD0}"
EndProject
Project("{FAE04EC0-301F-11D3-BF4B-00C04F79EFBC}") = "VVVV.Nodes.OpenCV.FreeImage", "nodes\plugins\Image\FreeImage\VVVV.Nodes.OpenCV.FreeImage.csproj", "{7A5AC7E2-511C-4240-8D2B-5171F511F4C5}"
EndProject
Project("{FAE04EC0-301F-11D3-BF4B-00C04F79EFBC}") = "VVVV.Nodes.OpenCV.OptiTrack", "nodes\plugins\Image\OptiTrack\VVVV.Nodes.OpenCV.OptiTrack.csproj", "{5971BE7A-0FB0-4DDF-B7D2-000E80EF6FDD}"
EndProject
Project("{FAE04EC0-301F-11D3-BF4B-00C04F79EFBC}") = "VVVV.Nodes.DeckLink", "nodes\plugins\Image\DeckLink\VVVV.Nodes.DeckLink.csproj", "{450CF5DB-EDB3-4E59-BD5F-F1857EB76419}"
EndProject
Project("{FAE04EC0-301F-11D3-BF4B-00C04F79EFBC}") = "VVVV.Nodes.Ximea", "nodes\plugins\DX11\Ximea\VVVV.Nodes.Ximea.csproj", "{685C0911-C080-46B4-B21F-B8BBAD507D0B}"
EndProject
Project("{2150E333-8FDC-42A3-9474-1A3956D46DE8}") = "Solution Items", "Solution Items", "{54471BC0-C305-4333-A3FD-E1A0D50DDF97}"
	ProjectSection(SolutionItems) = preProject
		Performance1.psess = Performance1.psess
	EndProjectSection
EndProject
Project("{FAE04EC0-301F-11D3-BF4B-00C04F79EFBC}") = "VVVV.Nodes.OpenCV.CLEye", "nodes\plugins\Image\CLEye\VVVV.Nodes.OpenCV.CLEye.csproj", "{03178DF6-94F0-4BBE-A790-AE7ACED17AC8}"
EndProject
Project("{FAE04EC0-301F-11D3-BF4B-00C04F79EFBC}") = "VVVV.Packs.Image", "VVVV.Packs.Image.csproj", "{91A6F321-89A6-409E-996A-693CB93EC22D}"
EndProject
Project("{2150E333-8FDC-42A3-9474-1A3956D46DE8}") = ".nuget", ".nuget", "{95D686FB-0B9B-4FF7-96CA-80221B888789}"
	ProjectSection(SolutionItems) = preProject
		.nuget\NuGet.Config = .nuget\NuGet.Config
		.nuget\NuGet.exe = .nuget\NuGet.exe
		.nuget\NuGet.targets = .nuget\NuGet.targets
	EndProjectSection
EndProject
Project("{FAE04EC0-301F-11D3-BF4B-00C04F79EFBC}") = "VVVV.CV.Factory", "factories\VVVV.CV.Factory.csproj", "{0FBADFB2-3C92-4079-BE0E-CF0F7ADF9108}"
EndProject
Project("{FAE04EC0-301F-11D3-BF4B-00C04F79EFBC}") = "VVVV.CV.Core", "core\VVVV.CV.Core.csproj", "{673FDAE3-3E5D-435C-8690-06378D3ED954}"
EndProject
Global
	GlobalSection(SolutionConfigurationPlatforms) = preSolution
		Debug|Any CPU = Debug|Any CPU
		Debug|x64 = Debug|x64
		Debug|x86 = Debug|x86
		Release|Any CPU = Release|Any CPU
		Release|x64 = Release|x64
		Release|x86 = Release|x86
	EndGlobalSection
	GlobalSection(ProjectConfigurationPlatforms) = postSolution
		{E9A7FC26-34E0-4C1E-83D8-C01A169422B2}.Debug|Any CPU.ActiveCfg = Debug|Any CPU
		{E9A7FC26-34E0-4C1E-83D8-C01A169422B2}.Debug|Any CPU.Build.0 = Debug|Any CPU
		{E9A7FC26-34E0-4C1E-83D8-C01A169422B2}.Debug|x64.ActiveCfg = Debug|x64
		{E9A7FC26-34E0-4C1E-83D8-C01A169422B2}.Debug|x64.Build.0 = Debug|x64
		{E9A7FC26-34E0-4C1E-83D8-C01A169422B2}.Debug|x86.ActiveCfg = Debug|x86
		{E9A7FC26-34E0-4C1E-83D8-C01A169422B2}.Debug|x86.Build.0 = Debug|x86
		{E9A7FC26-34E0-4C1E-83D8-C01A169422B2}.Release|Any CPU.ActiveCfg = Release|Any CPU
		{E9A7FC26-34E0-4C1E-83D8-C01A169422B2}.Release|Any CPU.Build.0 = Release|Any CPU
		{E9A7FC26-34E0-4C1E-83D8-C01A169422B2}.Release|x64.ActiveCfg = Release|x64
		{E9A7FC26-34E0-4C1E-83D8-C01A169422B2}.Release|x64.Build.0 = Release|x64
		{E9A7FC26-34E0-4C1E-83D8-C01A169422B2}.Release|x86.ActiveCfg = Release|x86
		{E9A7FC26-34E0-4C1E-83D8-C01A169422B2}.Release|x86.Build.0 = Release|x86
		{C111EF2E-E57C-480C-9E76-C6304AC02D79}.Debug|Any CPU.ActiveCfg = Debug|Any CPU
		{C111EF2E-E57C-480C-9E76-C6304AC02D79}.Debug|Any CPU.Build.0 = Debug|Any CPU
		{C111EF2E-E57C-480C-9E76-C6304AC02D79}.Debug|x64.ActiveCfg = Debug|x64
		{C111EF2E-E57C-480C-9E76-C6304AC02D79}.Debug|x64.Build.0 = Debug|x64
		{C111EF2E-E57C-480C-9E76-C6304AC02D79}.Debug|x86.ActiveCfg = Debug|x86
		{C111EF2E-E57C-480C-9E76-C6304AC02D79}.Debug|x86.Build.0 = Debug|x86
		{C111EF2E-E57C-480C-9E76-C6304AC02D79}.Release|Any CPU.ActiveCfg = Release|Any CPU
		{C111EF2E-E57C-480C-9E76-C6304AC02D79}.Release|Any CPU.Build.0 = Release|Any CPU
		{C111EF2E-E57C-480C-9E76-C6304AC02D79}.Release|x64.ActiveCfg = Release|x64
		{C111EF2E-E57C-480C-9E76-C6304AC02D79}.Release|x64.Build.0 = Release|x64
		{C111EF2E-E57C-480C-9E76-C6304AC02D79}.Release|x86.ActiveCfg = Release|x86
		{C111EF2E-E57C-480C-9E76-C6304AC02D79}.Release|x86.Build.0 = Release|x86
		{5EDB3C6E-2685-44F6-BD71-678CFC10AB31}.Debug|Any CPU.ActiveCfg = Debug|Any CPU
		{5EDB3C6E-2685-44F6-BD71-678CFC10AB31}.Debug|Any CPU.Build.0 = Debug|Any CPU
		{5EDB3C6E-2685-44F6-BD71-678CFC10AB31}.Debug|x64.ActiveCfg = Debug|x64
		{5EDB3C6E-2685-44F6-BD71-678CFC10AB31}.Debug|x64.Build.0 = Debug|x64
		{5EDB3C6E-2685-44F6-BD71-678CFC10AB31}.Debug|x86.ActiveCfg = Debug|x86
		{5EDB3C6E-2685-44F6-BD71-678CFC10AB31}.Debug|x86.Build.0 = Debug|x86
		{5EDB3C6E-2685-44F6-BD71-678CFC10AB31}.Release|Any CPU.ActiveCfg = Release|Any CPU
		{5EDB3C6E-2685-44F6-BD71-678CFC10AB31}.Release|Any CPU.Build.0 = Release|Any CPU
		{5EDB3C6E-2685-44F6-BD71-678CFC10AB31}.Release|x64.ActiveCfg = Release|x64
		{5EDB3C6E-2685-44F6-BD71-678CFC10AB31}.Release|x64.Build.0 = Release|x64
		{5EDB3C6E-2685-44F6-BD71-678CFC10AB31}.Release|x86.ActiveCfg = Release|x86
		{5EDB3C6E-2685-44F6-BD71-678CFC10AB31}.Release|x86.Build.0 = Release|x86
		{D9D17924-98D5-468F-840E-3A3F8308BE35}.Debug|Any CPU.ActiveCfg = Debug|Any CPU
		{D9D17924-98D5-468F-840E-3A3F8308BE35}.Debug|Any CPU.Build.0 = Debug|Any CPU
		{D9D17924-98D5-468F-840E-3A3F8308BE35}.Debug|x64.ActiveCfg = Debug|x64
		{D9D17924-98D5-468F-840E-3A3F8308BE35}.Debug|x64.Build.0 = Debug|x64
		{D9D17924-98D5-468F-840E-3A3F8308BE35}.Debug|x86.ActiveCfg = Debug|x86
		{D9D17924-98D5-468F-840E-3A3F8308BE35}.Debug|x86.Build.0 = Debug|x86
		{D9D17924-98D5-468F-840E-3A3F8308BE35}.Release|Any CPU.ActiveCfg = Release|Any CPU
		{D9D17924-98D5-468F-840E-3A3F8308BE35}.Release|Any CPU.Build.0 = Release|Any CPU
		{D9D17924-98D5-468F-840E-3A3F8308BE35}.Release|x64.ActiveCfg = Release|x64
		{D9D17924-98D5-468F-840E-3A3F8308BE35}.Release|x64.Build.0 = Release|x64
		{D9D17924-98D5-468F-840E-3A3F8308BE35}.Release|x86.ActiveCfg = Release|x86
		{D9D17924-98D5-468F-840E-3A3F8308BE35}.Release|x86.Build.0 = Release|x86
		{998E4E7E-F3B4-4CA1-ACD3-0EABACF23DD0}.Debug|Any CPU.ActiveCfg = Debug|Any CPU
		{998E4E7E-F3B4-4CA1-ACD3-0EABACF23DD0}.Debug|Any CPU.Build.0 = Debug|Any CPU
		{998E4E7E-F3B4-4CA1-ACD3-0EABACF23DD0}.Debug|x64.ActiveCfg = Debug|x64
		{998E4E7E-F3B4-4CA1-ACD3-0EABACF23DD0}.Debug|x64.Build.0 = Debug|x64
		{998E4E7E-F3B4-4CA1-ACD3-0EABACF23DD0}.Debug|x86.ActiveCfg = Debug|x86
		{998E4E7E-F3B4-4CA1-ACD3-0EABACF23DD0}.Debug|x86.Build.0 = Debug|x86
		{998E4E7E-F3B4-4CA1-ACD3-0EABACF23DD0}.Release|Any CPU.ActiveCfg = Release|Any CPU
		{998E4E7E-F3B4-4CA1-ACD3-0EABACF23DD0}.Release|Any CPU.Build.0 = Release|Any CPU
		{998E4E7E-F3B4-4CA1-ACD3-0EABACF23DD0}.Release|x64.ActiveCfg = Release|x64
		{998E4E7E-F3B4-4CA1-ACD3-0EABACF23DD0}.Release|x64.Build.0 = Release|x64
		{998E4E7E-F3B4-4CA1-ACD3-0EABACF23DD0}.Release|x86.ActiveCfg = Release|x86
		{998E4E7E-F3B4-4CA1-ACD3-0EABACF23DD0}.Release|x86.Build.0 = Release|x86
		{7A5AC7E2-511C-4240-8D2B-5171F511F4C5}.Debug|Any CPU.ActiveCfg = Debug|Any CPU
		{7A5AC7E2-511C-4240-8D2B-5171F511F4C5}.Debug|Any CPU.Build.0 = Debug|Any CPU
		{7A5AC7E2-511C-4240-8D2B-5171F511F4C5}.Debug|x64.ActiveCfg = Debug|x64
		{7A5AC7E2-511C-4240-8D2B-5171F511F4C5}.Debug|x64.Build.0 = Debug|x64
		{7A5AC7E2-511C-4240-8D2B-5171F511F4C5}.Debug|x86.ActiveCfg = Debug|x86
		{7A5AC7E2-511C-4240-8D2B-5171F511F4C5}.Debug|x86.Build.0 = Debug|x86
		{7A5AC7E2-511C-4240-8D2B-5171F511F4C5}.Release|Any CPU.ActiveCfg = Release|Any CPU
		{7A5AC7E2-511C-4240-8D2B-5171F511F4C5}.Release|Any CPU.Build.0 = Release|Any CPU
		{7A5AC7E2-511C-4240-8D2B-5171F511F4C5}.Release|x64.ActiveCfg = Release|x64
		{7A5AC7E2-511C-4240-8D2B-5171F511F4C5}.Release|x64.Build.0 = Release|x64
		{7A5AC7E2-511C-4240-8D2B-5171F511F4C5}.Release|x86.ActiveCfg = Release|x86
		{7A5AC7E2-511C-4240-8D2B-5171F511F4C5}.Release|x86.Build.0 = Release|x86
		{5971BE7A-0FB0-4DDF-B7D2-000E80EF6FDD}.Debug|Any CPU.ActiveCfg = Debug|Any CPU
		{5971BE7A-0FB0-4DDF-B7D2-000E80EF6FDD}.Debug|Any CPU.Build.0 = Debug|Any CPU
		{5971BE7A-0FB0-4DDF-B7D2-000E80EF6FDD}.Debug|x64.ActiveCfg = Debug|x64
		{5971BE7A-0FB0-4DDF-B7D2-000E80EF6FDD}.Debug|x64.Build.0 = Debug|x64
		{5971BE7A-0FB0-4DDF-B7D2-000E80EF6FDD}.Debug|x86.ActiveCfg = Debug|x86
		{5971BE7A-0FB0-4DDF-B7D2-000E80EF6FDD}.Debug|x86.Build.0 = Debug|x86
		{5971BE7A-0FB0-4DDF-B7D2-000E80EF6FDD}.Release|Any CPU.ActiveCfg = Release|Any CPU
		{5971BE7A-0FB0-4DDF-B7D2-000E80EF6FDD}.Release|Any CPU.Build.0 = Release|Any CPU
		{5971BE7A-0FB0-4DDF-B7D2-000E80EF6FDD}.Release|x64.ActiveCfg = Release|x64
		{5971BE7A-0FB0-4DDF-B7D2-000E80EF6FDD}.Release|x64.Build.0 = Release|x64
		{5971BE7A-0FB0-4DDF-B7D2-000E80EF6FDD}.Release|x86.ActiveCfg = Release|x86
		{5971BE7A-0FB0-4DDF-B7D2-000E80EF6FDD}.Release|x86.Build.0 = Release|x86
		{450CF5DB-EDB3-4E59-BD5F-F1857EB76419}.Debug|Any CPU.ActiveCfg = Debug|Any CPU
		{450CF5DB-EDB3-4E59-BD5F-F1857EB76419}.Debug|Any CPU.Build.0 = Debug|Any CPU
		{450CF5DB-EDB3-4E59-BD5F-F1857EB76419}.Debug|x64.ActiveCfg = Debug|x64
		{450CF5DB-EDB3-4E59-BD5F-F1857EB76419}.Debug|x64.Build.0 = Debug|x64
		{450CF5DB-EDB3-4E59-BD5F-F1857EB76419}.Debug|x86.ActiveCfg = Debug|x86
		{450CF5DB-EDB3-4E59-BD5F-F1857EB76419}.Debug|x86.Build.0 = Debug|x86
		{450CF5DB-EDB3-4E59-BD5F-F1857EB76419}.Release|Any CPU.ActiveCfg = Release|Any CPU
		{450CF5DB-EDB3-4E59-BD5F-F1857EB76419}.Release|Any CPU.Build.0 = Release|Any CPU
		{450CF5DB-EDB3-4E59-BD5F-F1857EB76419}.Release|x64.ActiveCfg = Release|x64
		{450CF5DB-EDB3-4E59-BD5F-F1857EB76419}.Release|x64.Build.0 = Release|x64
		{450CF5DB-EDB3-4E59-BD5F-F1857EB76419}.Release|x86.ActiveCfg = Release|x86
		{450CF5DB-EDB3-4E59-BD5F-F1857EB76419}.Release|x86.Build.0 = Release|x86
		{685C0911-C080-46B4-B21F-B8BBAD507D0B}.Debug|Any CPU.ActiveCfg = Debug|Any CPU
		{685C0911-C080-46B4-B21F-B8BBAD507D0B}.Debug|Any CPU.Build.0 = Debug|Any CPU
		{685C0911-C080-46B4-B21F-B8BBAD507D0B}.Debug|x64.ActiveCfg = Debug|x64
		{685C0911-C080-46B4-B21F-B8BBAD507D0B}.Debug|x64.Build.0 = Debug|x64
		{685C0911-C080-46B4-B21F-B8BBAD507D0B}.Debug|x86.ActiveCfg = Debug|x86
		{685C0911-C080-46B4-B21F-B8BBAD507D0B}.Debug|x86.Build.0 = Debug|x86
		{685C0911-C080-46B4-B21F-B8BBAD507D0B}.Release|Any CPU.ActiveCfg = Release|Any CPU
		{685C0911-C080-46B4-B21F-B8BBAD507D0B}.Release|Any CPU.Build.0 = Release|Any CPU
		{685C0911-C080-46B4-B21F-B8BBAD507D0B}.Release|x64.ActiveCfg = Release|x64
		{685C0911-C080-46B4-B21F-B8BBAD507D0B}.Release|x64.Build.0 = Release|x64
		{685C0911-C080-46B4-B21F-B8BBAD507D0B}.Release|x86.ActiveCfg = Release|x86
		{685C0911-C080-46B4-B21F-B8BBAD507D0B}.Release|x86.Build.0 = Release|x86
		{03178DF6-94F0-4BBE-A790-AE7ACED17AC8}.Debug|Any CPU.ActiveCfg = Debug|Any CPU
		{03178DF6-94F0-4BBE-A790-AE7ACED17AC8}.Debug|Any CPU.Build.0 = Debug|Any CPU
		{03178DF6-94F0-4BBE-A790-AE7ACED17AC8}.Debug|x64.ActiveCfg = Debug|x64
		{03178DF6-94F0-4BBE-A790-AE7ACED17AC8}.Debug|x64.Build.0 = Debug|x64
		{03178DF6-94F0-4BBE-A790-AE7ACED17AC8}.Debug|x86.ActiveCfg = Debug|x86
		{03178DF6-94F0-4BBE-A790-AE7ACED17AC8}.Debug|x86.Build.0 = Debug|x86
		{03178DF6-94F0-4BBE-A790-AE7ACED17AC8}.Release|Any CPU.ActiveCfg = Release|Any CPU
		{03178DF6-94F0-4BBE-A790-AE7ACED17AC8}.Release|Any CPU.Build.0 = Release|Any CPU
		{03178DF6-94F0-4BBE-A790-AE7ACED17AC8}.Release|x64.ActiveCfg = Release|x64
		{03178DF6-94F0-4BBE-A790-AE7ACED17AC8}.Release|x64.Build.0 = Release|x64
		{03178DF6-94F0-4BBE-A790-AE7ACED17AC8}.Release|x86.ActiveCfg = Release|x86
		{03178DF6-94F0-4BBE-A790-AE7ACED17AC8}.Release|x86.Build.0 = Release|x86
		{91A6F321-89A6-409E-996A-693CB93EC22D}.Debug|Any CPU.ActiveCfg = Debug|Any CPU
		{91A6F321-89A6-409E-996A-693CB93EC22D}.Debug|Any CPU.Build.0 = Debug|Any CPU
		{91A6F321-89A6-409E-996A-693CB93EC22D}.Debug|x64.ActiveCfg = Debug|x64
		{91A6F321-89A6-409E-996A-693CB93EC22D}.Debug|x64.Build.0 = Debug|x64
		{91A6F321-89A6-409E-996A-693CB93EC22D}.Debug|x86.ActiveCfg = Debug|x86
		{91A6F321-89A6-409E-996A-693CB93EC22D}.Debug|x86.Build.0 = Debug|x86
		{91A6F321-89A6-409E-996A-693CB93EC22D}.Release|Any CPU.ActiveCfg = Release|Any CPU
		{91A6F321-89A6-409E-996A-693CB93EC22D}.Release|Any CPU.Build.0 = Release|Any CPU
		{91A6F321-89A6-409E-996A-693CB93EC22D}.Release|x64.ActiveCfg = Release|x64
		{91A6F321-89A6-409E-996A-693CB93EC22D}.Release|x64.Build.0 = Release|x64
		{91A6F321-89A6-409E-996A-693CB93EC22D}.Release|x86.ActiveCfg = Release|x86
		{91A6F321-89A6-409E-996A-693CB93EC22D}.Release|x86.Build.0 = Release|x86
		{0FBADFB2-3C92-4079-BE0E-CF0F7ADF9108}.Debug|Any CPU.ActiveCfg = Debug|Any CPU
		{0FBADFB2-3C92-4079-BE0E-CF0F7ADF9108}.Debug|Any CPU.Build.0 = Debug|Any CPU
		{0FBADFB2-3C92-4079-BE0E-CF0F7ADF9108}.Debug|x64.ActiveCfg = Debug|x64
		{0FBADFB2-3C92-4079-BE0E-CF0F7ADF9108}.Debug|x64.Build.0 = Debug|x64
		{0FBADFB2-3C92-4079-BE0E-CF0F7ADF9108}.Debug|x86.ActiveCfg = Debug|x86
		{0FBADFB2-3C92-4079-BE0E-CF0F7ADF9108}.Debug|x86.Build.0 = Debug|x86
		{0FBADFB2-3C92-4079-BE0E-CF0F7ADF9108}.Release|Any CPU.ActiveCfg = Release|Any CPU
		{0FBADFB2-3C92-4079-BE0E-CF0F7ADF9108}.Release|Any CPU.Build.0 = Release|Any CPU
		{0FBADFB2-3C92-4079-BE0E-CF0F7ADF9108}.Release|x64.ActiveCfg = Release|x64
		{0FBADFB2-3C92-4079-BE0E-CF0F7ADF9108}.Release|x64.Build.0 = Release|x64
		{0FBADFB2-3C92-4079-BE0E-CF0F7ADF9108}.Release|x86.ActiveCfg = Release|x86
		{0FBADFB2-3C92-4079-BE0E-CF0F7ADF9108}.Release|x86.Build.0 = Release|x86
		{673FDAE3-3E5D-435C-8690-06378D3ED954}.Debug|Any CPU.ActiveCfg = Debug|Any CPU
		{673FDAE3-3E5D-435C-8690-06378D3ED954}.Debug|Any CPU.Build.0 = Debug|Any CPU
		{673FDAE3-3E5D-435C-8690-06378D3ED954}.Debug|x64.ActiveCfg = Debug|x64
		{673FDAE3-3E5D-435C-8690-06378D3ED954}.Debug|x64.Build.0 = Debug|x64
		{673FDAE3-3E5D-435C-8690-06378D3ED954}.Debug|x86.ActiveCfg = Debug|x86
		{673FDAE3-3E5D-435C-8690-06378D3ED954}.Debug|x86.Build.0 = Debug|x86
		{673FDAE3-3E5D-435C-8690-06378D3ED954}.Release|Any CPU.ActiveCfg = Release|Any CPU
		{673FDAE3-3E5D-435C-8690-06378D3ED954}.Release|Any CPU.Build.0 = Release|Any CPU
		{673FDAE3-3E5D-435C-8690-06378D3ED954}.Release|x64.ActiveCfg = Release|x64
		{673FDAE3-3E5D-435C-8690-06378D3ED954}.Release|x64.Build.0 = Release|x64
		{673FDAE3-3E5D-435C-8690-06378D3ED954}.Release|x86.ActiveCfg = Release|x86
		{673FDAE3-3E5D-435C-8690-06378D3ED954}.Release|x86.Build.0 = Release|x86
	EndGlobalSection
	GlobalSection(SolutionProperties) = preSolution
		HideSolutionNode = FALSE
	EndGlobalSection
	GlobalSection(NestedProjects) = preSolution
		{E9A7FC26-34E0-4C1E-83D8-C01A169422B2} = {1ED4B073-68C1-4573-AFAB-43D5B4CCB50A}
		{C111EF2E-E57C-480C-9E76-C6304AC02D79} = {1ED4B073-68C1-4573-AFAB-43D5B4CCB50A}
		{5EDB3C6E-2685-44F6-BD71-678CFC10AB31} = {1ED4B073-68C1-4573-AFAB-43D5B4CCB50A}
		{D9D17924-98D5-468F-840E-3A3F8308BE35} = {1ED4B073-68C1-4573-AFAB-43D5B4CCB50A}
		{998E4E7E-F3B4-4CA1-ACD3-0EABACF23DD0} = {1ED4B073-68C1-4573-AFAB-43D5B4CCB50A}
		{7A5AC7E2-511C-4240-8D2B-5171F511F4C5} = {1ED4B073-68C1-4573-AFAB-43D5B4CCB50A}
		{5971BE7A-0FB0-4DDF-B7D2-000E80EF6FDD} = {1ED4B073-68C1-4573-AFAB-43D5B4CCB50A}
		{450CF5DB-EDB3-4E59-BD5F-F1857EB76419} = {1ED4B073-68C1-4573-AFAB-43D5B4CCB50A}
		{685C0911-C080-46B4-B21F-B8BBAD507D0B} = {1ED4B073-68C1-4573-AFAB-43D5B4CCB50A}
		{03178DF6-94F0-4BBE-A790-AE7ACED17AC8} = {1ED4B073-68C1-4573-AFAB-43D5B4CCB50A}
		{0FBADFB2-3C92-4079-BE0E-CF0F7ADF9108} = {1ED4B073-68C1-4573-AFAB-43D5B4CCB50A}
		{673FDAE3-3E5D-435C-8690-06378D3ED954} = {1ED4B073-68C1-4573-AFAB-43D5B4CCB50A}
	EndGlobalSection
EndGlobal
